// !$*UTF8*$!
{
	archiveVersion = 1;
	classes = {
	};
	objectVersion = 50;
	objects = {

/* Begin PBXBuildFile section */
		A373FED523D9D16100FD39AC /* AppDelegate.swift in Sources */ = {isa = PBXBuildFile; fileRef = A373FED423D9D16100FD39AC /* AppDelegate.swift */; };
		A373FED723D9D16100FD39AC /* WhatToDoVC.swift in Sources */ = {isa = PBXBuildFile; fileRef = A373FED623D9D16100FD39AC /* WhatToDoVC.swift */; };
		A373FEDA23D9D16100FD39AC /* Main.storyboard in Resources */ = {isa = PBXBuildFile; fileRef = A373FED823D9D16100FD39AC /* Main.storyboard */; };
		A373FEDC23D9D16300FD39AC /* Assets.xcassets in Resources */ = {isa = PBXBuildFile; fileRef = A373FEDB23D9D16300FD39AC /* Assets.xcassets */; };
		A373FEDF23D9D16300FD39AC /* LaunchScreen.storyboard in Resources */ = {isa = PBXBuildFile; fileRef = A373FEDD23D9D16300FD39AC /* LaunchScreen.storyboard */; };
		A373FEE723DEFB2E00FD39AC /* Item.swift in Sources */ = {isa = PBXBuildFile; fileRef = A373FEE623DEFB2E00FD39AC /* Item.swift */; };
/* End PBXBuildFile section */

/* Begin PBXFileReference section */
		A373FED123D9D16100FD39AC /* WhatToDo.app */ = {isa = PBXFileReference; explicitFileType = wrapper.application; includeInIndex = 0; path = WhatToDo.app; sourceTree = BUILT_PRODUCTS_DIR; };
		A373FED423D9D16100FD39AC /* AppDelegate.swift */ = {isa = PBXFileReference; lastKnownFileType = sourcecode.swift; path = AppDelegate.swift; sourceTree = "<group>"; };
		A373FED623D9D16100FD39AC /* WhatToDoVC.swift */ = {isa = PBXFileReference; lastKnownFileType = sourcecode.swift; path = WhatToDoVC.swift; sourceTree = "<group>"; };
		A373FED923D9D16100FD39AC /* Base */ = {isa = PBXFileReference; lastKnownFileType = file.storyboard; name = Base; path = Base.lproj/Main.storyboard; sourceTree = "<group>"; };
		A373FEDB23D9D16300FD39AC /* Assets.xcassets */ = {isa = PBXFileReference; lastKnownFileType = folder.assetcatalog; path = Assets.xcassets; sourceTree = "<group>"; };
		A373FEDE23D9D16300FD39AC /* Base */ = {isa = PBXFileReference; lastKnownFileType = file.storyboard; name = Base; path = Base.lproj/LaunchScreen.storyboard; sourceTree = "<group>"; };
		A373FEE023D9D16300FD39AC /* Info.plist */ = {isa = PBXFileReference; lastKnownFileType = text.plist.xml; path = Info.plist; sourceTree = "<group>"; };
		A373FEE623DEFB2E00FD39AC /* Item.swift */ = {isa = PBXFileReference; lastKnownFileType = sourcecode.swift; path = Item.swift; sourceTree = "<group>"; };
/* End PBXFileReference section */

/* Begin PBXFrameworksBuildPhase section */
		A373FECE23D9D16100FD39AC /* Frameworks */ = {
			isa = PBXFrameworksBuildPhase;
			buildActionMask = 2147483647;
			files = (
			);
			runOnlyForDeploymentPostprocessing = 0;
		};
/* End PBXFrameworksBuildPhase section */

/* Begin PBXGroup section */
		A373FEC823D9D16100FD39AC = {
			isa = PBXGroup;
			children = (
				A373FED323D9D16100FD39AC /* WhatToDo */,
				A373FED223D9D16100FD39AC /* Products */,
			);
			sourceTree = "<group>";
		};
		A373FED223D9D16100FD39AC /* Products */ = {
			isa = PBXGroup;
			children = (
				A373FED123D9D16100FD39AC /* WhatToDo.app */,
			);
			name = Products;
			sourceTree = "<group>";
		};
		A373FED323D9D16100FD39AC /* WhatToDo */ = {
			isa = PBXGroup;
			children = (
				A373FEEA23DEFC4A00FD39AC /* Controller */,
				A373FEE823DEFBDF00FD39AC /* Modal */,
				A373FEE923DEFC0100FD39AC /* View */,
				A373FEE023D9D16300FD39AC /* Info.plist */,
			);
			path = WhatToDo;
			sourceTree = "<group>";
		};
		A373FEE823DEFBDF00FD39AC /* Modal */ = {
			isa = PBXGroup;
			children = (
				A373FEE623DEFB2E00FD39AC /* Item.swift */,
			);
			path = Modal;
			sourceTree = "<group>";
		};
		A373FEE923DEFC0100FD39AC /* View */ = {
			isa = PBXGroup;
			children = (
				A373FED823D9D16100FD39AC /* Main.storyboard */,
				A373FEDB23D9D16300FD39AC /* Assets.xcassets */,
				A373FEDD23D9D16300FD39AC /* LaunchScreen.storyboard */,
			);
			path = View;
			sourceTree = "<group>";
		};
		A373FEEA23DEFC4A00FD39AC /* Controller */ = {
			isa = PBXGroup;
			children = (
				A373FED423D9D16100FD39AC /* AppDelegate.swift */,
				A373FED623D9D16100FD39AC /* WhatToDoVC.swift */,
			);
			path = Controller;
			sourceTree = "<group>";
		};
/* End PBXGroup section */

/* Begin PBXNativeTarget section */
		A373FED023D9D16100FD39AC /* WhatToDo */ = {
			isa = PBXNativeTarget;
			buildConfigurationList = A373FEE323D9D16300FD39AC /* Build configuration list for PBXNativeTarget "WhatToDo" */;
			buildPhases = (
				A373FECD23D9D16100FD39AC /* Sources */,
				A373FECE23D9D16100FD39AC /* Frameworks */,
				A373FECF23D9D16100FD39AC /* Resources */,
			);
			buildRules = (
			);
			dependencies = (
			);
			name = WhatToDo;
			productName = WhatToDo;
			productReference = A373FED123D9D16100FD39AC /* WhatToDo.app */;
			productType = "com.apple.product-type.application";
		};
/* End PBXNativeTarget section */

/* Begin PBXProject section */
		A373FEC923D9D16100FD39AC /* Project object */ = {
			isa = PBXProject;
			attributes = {
				LastSwiftUpdateCheck = 1030;
				LastUpgradeCheck = 1030;
				ORGANIZATIONNAME = "milind shelat";
				TargetAttributes = {
					A373FED023D9D16100FD39AC = {
						CreatedOnToolsVersion = 10.3;
					};
				};
			};
			buildConfigurationList = A373FECC23D9D16100FD39AC /* Build configuration list for PBXProject "WhatToDo" */;
			compatibilityVersion = "Xcode 9.3";
			developmentRegion = en;
			hasScannedForEncodings = 0;
			knownRegions = (
				en,
				Base,
			);
			mainGroup = A373FEC823D9D16100FD39AC;
			productRefGroup = A373FED223D9D16100FD39AC /* Products */;
			projectDirPath = "";
			projectRoot = "";
			targets = (
				A373FED023D9D16100FD39AC /* WhatToDo */,
			);
		};
/* End PBXProject section */

/* Begin PBXResourcesBuildPhase section */
		A373FECF23D9D16100FD39AC /* Resources */ = {
			isa = PBXResourcesBuildPhase;
			buildActionMask = 2147483647;
			files = (
				A373FEDF23D9D16300FD39AC /* LaunchScreen.storyboard in Resources */,
				A373FEDC23D9D16300FD39AC /* Assets.xcassets in Resources */,
				A373FEDA23D9D16100FD39AC /* Main.storyboard in Resources */,
			);
			runOnlyForDeploymentPostprocessing = 0;
		};
/* End PBXResourcesBuildPhase section */

/* Begin PBXSourcesBuildPhase section */
		A373FECD23D9D16100FD39AC /* Sources */ = {
			isa = PBXSourcesBuildPhase;
			buildActionMask = 2147483647;
			files = (
				A373FED723D9D16100FD39AC /* WhatToDoVC.swift in Sources */,
				A373FEE723DEFB2E00FD39AC /* Item.swift in Sources */,
				A373FED523D9D16100FD39AC /* AppDelegate.swift in Sources */,
			);
			runOnlyForDeploymentPostprocessing = 0;
		};
/* End PBXSourcesBuildPhase section */

/* Begin PBXVariantGroup section */
		A373FED823D9D16100FD39AC /* Main.storyboard */ = {
			isa = PBXVariantGroup;
			children = (
				A373FED923D9D16100FD39AC /* Base */,
			);
			name = Main.storyboard;
			sourceTree = "<group>";
		};
		A373FEDD23D9D16300FD39AC /* LaunchScreen.storyboard */ = {
			isa = PBXVariantGroup;
			children = (
				A373FEDE23D9D16300FD39AC /* Base */,
			);
			name = LaunchScreen.storyboard;
			sourceTree = "<group>";
		};
/* End PBXVariantGroup section */

/* Begin XCBuildConfiguration section */
		A373FEE123D9D16300FD39AC /* Debug */ = {
			isa = XCBuildConfiguration;
			buildSettings = {
				ALWAYS_SEARCH_USER_PATHS = NO;
				CLANG_ANALYZER_NONNULL = YES;
				CLANG_ANALYZER_NUMBER_OBJECT_CONVERSION = YES_AGGRESSIVE;
				CLANG_CXX_LANGUAGE_STANDARD = "gnu++14";
				CLANG_CXX_LIBRARY = "libc++";
				CLANG_ENABLE_MODULES = YES;
				CLANG_ENABLE_OBJC_ARC = YES;
				CLANG_ENABLE_OBJC_WEAK = YES;
				CLANG_WARN_BLOCK_CAPTURE_AUTORELEASING = YES;
				CLANG_WARN_BOOL_CONVERSION = YES;
				CLANG_WARN_COMMA = YES;
				CLANG_WARN_CONSTANT_CONVERSION = YES;
				CLANG_WARN_DEPRECATED_OBJC_IMPLEMENTATIONS = YES;
				CLANG_WARN_DIRECT_OBJC_ISA_USAGE = YES_ERROR;
				CLANG_WARN_DOCUMENTATION_COMMENTS = YES;
				CLANG_WARN_EMPTY_BODY = YES;
				CLANG_WARN_ENUM_CONVERSION = YES;
				CLANG_WARN_INFINITE_RECURSION = YES;
				CLANG_WARN_INT_CONVERSION = YES;
				CLANG_WARN_NON_LITERAL_NULL_CONVERSION = YES;
				CLANG_WARN_OBJC_IMPLICIT_RETAIN_SELF = YES;
				CLANG_WARN_OBJC_LITERAL_CONVERSION = YES;
				CLANG_WARN_OBJC_ROOT_CLASS = YES_ERROR;
				CLANG_WARN_RANGE_LOOP_ANALYSIS = YES;
				CLANG_WARN_STRICT_PROTOTYPES = YES;
				CLANG_WARN_SUSPICIOUS_MOVE = YES;
				CLANG_WARN_UNGUARDED_AVAILABILITY = YES_AGGRESSIVE;
				CLANG_WARN_UNREACHABLE_CODE = YES;
				CLANG_WARN__DUPLICATE_METHOD_MATCH = YES;
				CODE_SIGN_IDENTITY = "iPhone Developer";
				COPY_PHASE_STRIP = NO;
				DEBUG_INFORMATION_FORMAT = dwarf;
				ENABLE_STRICT_OBJC_MSGSEND = YES;
				ENABLE_TESTABILITY = YES;
				GCC_C_LANGUAGE_STANDARD = gnu11;
				GCC_DYNAMIC_NO_PIC = NO;
				GCC_NO_COMMON_BLOCKS = YES;
				GCC_OPTIMIZATION_LEVEL = 0;
				GCC_PREPROCESSOR_DEFINITIONS = (
					"DEBUG=1",
					"$(inherited)",
				);
				GCC_WARN_64_TO_32_BIT_CONVERSION = YES;
				GCC_WARN_ABOUT_RETURN_TYPE = YES_ERROR;
				GCC_WARN_UNDECLARED_SELECTOR = YES;
				GCC_WARN_UNINITIALIZED_AUTOS = YES_AGGRESSIVE;
				GCC_WARN_UNUSED_FUNCTION = YES;
				GCC_WARN_UNUSED_VARIABLE = YES;
				IPHONEOS_DEPLOYMENT_TARGET = 12.4;
				MTL_ENABLE_DEBUG_INFO = INCLUDE_SOURCE;
				MTL_FAST_MATH = YES;
				ONLY_ACTIVE_ARCH = YES;
				SDKROOT = iphoneos;
				SWIFT_ACTIVE_COMPILATION_CONDITIONS = DEBUG;
				SWIFT_OPTIMIZATION_LEVEL = "-Onone";
			};
			name = Debug;
		};
		A373FEE223D9D16300FD39AC /* Release */ = {
			isa = XCBuildConfiguration;
			buildSettings = {
				ALWAYS_SEARCH_USER_PATHS = NO;
				CLANG_ANALYZER_NONNULL = YES;
				CLANG_ANALYZER_NUMBER_OBJECT_CONVERSION = YES_AGGRESSIVE;
				CLANG_CXX_LANGUAGE_STANDARD = "gnu++14";
				CLANG_CXX_LIBRARY = "libc++";
				CLANG_ENABLE_MODULES = YES;
				CLANG_ENABLE_OBJC_ARC = YES;
				CLANG_ENABLE_OBJC_WEAK = YES;
				CLANG_WARN_BLOCK_CAPTURE_AUTORELEASING = YES;
				CLANG_WARN_BOOL_CONVERSION = YES;
				CLANG_WARN_COMMA = YES;
				CLANG_WARN_CONSTANT_CONVERSION = YES;
				CLANG_WARN_DEPRECATED_OBJC_IMPLEMENTATIONS = YES;
				CLANG_WARN_DIRECT_OBJC_ISA_USAGE = YES_ERROR;
				CLANG_WARN_DOCUMENTATION_COMMENTS = YES;
				CLANG_WARN_EMPTY_BODY = YES;
				CLANG_WARN_ENUM_CONVERSION = YES;
				CLANG_WARN_INFINITE_RECURSION = YES;
				CLANG_WARN_INT_CONVERSION = YES;
				CLANG_WARN_NON_LITERAL_NULL_CONVERSION = YES;
				CLANG_WARN_OBJC_IMPLICIT_RETAIN_SELF = YES;
				CLANG_WARN_OBJC_LITERAL_CONVERSION = YES;
				CLANG_WARN_OBJC_ROOT_CLASS = YES_ERROR;
				CLANG_WARN_RANGE_LOOP_ANALYSIS = YES;
				CLANG_WARN_STRICT_PROTOTYPES = YES;
				CLANG_WARN_SUSPICIOUS_MOVE = YES;
				CLANG_WARN_UNGUARDED_AVAILABILITY = YES_AGGRESSIVE;
				CLANG_WARN_UNREACHABLE_CODE = YES;
				CLANG_WARN__DUPLICATE_METHOD_MATCH = YES;
				CODE_SIGN_IDENTITY = "iPhone Developer";
				COPY_PHASE_STRIP = NO;
				DEBUG_INFORMATION_FORMAT = "dwarf-with-dsym";
				ENABLE_NS_ASSERTIONS = NO;
				ENABLE_STRICT_OBJC_MSGSEND = YES;
				GCC_C_LANGUAGE_STANDARD = gnu11;
				GCC_NO_COMMON_BLOCKS = YES;
				GCC_WARN_64_TO_32_BIT_CONVERSION = YES;
				GCC_WARN_ABOUT_RETURN_TYPE = YES_ERROR;
				GCC_WARN_UNDECLARED_SELECTOR = YES;
				GCC_WARN_UNINITIALIZED_AUTOS = YES_AGGRESSIVE;
				GCC_WARN_UNUSED_FUNCTION = YES;
				GCC_WARN_UNUSED_VARIABLE = YES;
				IPHONEOS_DEPLOYMENT_TARGET = 12.4;
				MTL_ENABLE_DEBUG_INFO = NO;
				MTL_FAST_MATH = YES;
				SDKROOT = iphoneos;
				SWIFT_COMPILATION_MODE = wholemodule;
				SWIFT_OPTIMIZATION_LEVEL = "-O";
				VALIDATE_PRODUCT = YES;
			};
			name = Release;
		};
		A373FEE423D9D16300FD39AC /* Debug */ = {
			isa = XCBuildConfiguration;
			buildSettings = {
				ASSETCATALOG_COMPILER_APPICON_NAME = AppIcon;
				CODE_SIGN_STYLE = Automatic;
				DEVELOPMENT_TEAM = N9BZU92W5H;
				INFOPLIST_FILE = WhatToDo/Info.plist;
				LD_RUNPATH_SEARCH_PATHS = (
					"$(inherited)",
					"@executable_path/Frameworks",
				);
				PRODUCT_BUNDLE_IDENTIFIER = com.milind96.WhatToDo;
				PRODUCT_NAME = "$(TARGET_NAME)";
				SWIFT_VERSION = 5.0;
				TARGETED_DEVICE_FAMILY = "1,2";
			};
			name = Debug;
		};
		A373FEE523D9D16300FD39AC /* Release */ = {
			isa = XCBuildConfiguration;
			buildSettings = {
				ASSETCATALOG_COMPILER_APPICON_NAME = AppIcon;
				CODE_SIGN_STYLE = Automatic;
				DEVELOPMENT_TEAM = N9BZU92W5H;
				INFOPLIST_FILE = WhatToDo/Info.plist;
				LD_RUNPATH_SEARCH_PATHS = (
					"$(inherited)",
					"@executable_path/Frameworks",
				);
				PRODUCT_BUNDLE_IDENTIFIER = com.milind96.WhatToDo;
				PRODUCT_NAME = "$(TARGET_NAME)";
				SWIFT_VERSION = 5.0;
				TARGETED_DEVICE_FAMILY = "1,2";
			};
			name = Release;
		};
/* End XCBuildConfiguration section */

/* Begin XCConfigurationList section */
		A373FECC23D9D16100FD39AC /* Build configuration list for PBXProject "WhatToDo" */ = {
			isa = XCConfigurationList;
			buildConfigurations = (
				A373FEE123D9D16300FD39AC /* Debug */,
				A373FEE223D9D16300FD39AC /* Release */,
			);
			defaultConfigurationIsVisible = 0;
			defaultConfigurationName = Release;
		};
		A373FEE323D9D16300FD39AC /* Build configuration list for PBXNativeTarget "WhatToDo" */ = {
			isa = XCConfigurationList;
			buildConfigurations = (
				A373FEE423D9D16300FD39AC /* Debug */,
				A373FEE523D9D16300FD39AC /* Release */,
			);
			defaultConfigurationIsVisible = 0;
			defaultConfigurationName = Release;
		};
/* End XCConfigurationList section */
	};
	rootObject = A373FEC923D9D16100FD39AC /* Project object */;
}
